
Microsoft Visual Studio Solution File, Format Version 12.00
# Visual Studio Version 17
VisualStudioVersion = 17.11.35327.3
MinimumVisualStudioVersion = 10.0.40219.1
Project("{FAE04EC0-301F-11D3-BF4B-00C04F79EFBC}") = "Scrabble_v4_client", "Scrabble_v4_client.csproj", "{30A8BE23-9FE2-4D51-8719-82E0838BED17}"
EndProject
Global
	GlobalSection(SolutionConfigurationPlatforms) = preSolution
		Debug|Any CPU = Debug|Any CPU
		Release|Any CPU = Release|Any CPU
	EndGlobalSection
	GlobalSection(ProjectConfigurationPlatforms) = postSolution
		{30A8BE23-9FE2-4D51-8719-82E0838BED17}.Debug|Any CPU.ActiveCfg = Debug|Any CPU
		{30A8BE23-9FE2-4D51-8719-82E0838BED17}.Debug|Any CPU.Build.0 = Debug|Any CPU
		{30A8BE23-9FE2-4D51-8719-82E0838BED17}.Release|Any CPU.ActiveCfg = Release|Any CPU
		{30A8BE23-9FE2-4D51-8719-82E0838BED17}.Release|Any CPU.Build.0 = Release|Any CPU
	EndGlobalSection
	GlobalSection(SolutionProperties) = preSolution
		HideSolutionNode = FALSE
	EndGlobalSection
	GlobalSection(ExtensibilityGlobals) = postSolution
		SolutionGuid = {06773063-BBFE-481A-B1B8-916A771DDA9B}
	EndGlobalSection
EndGlobal
